[[package]]
name = "sshconf"
version = "0.2.4"
summary = "Lightweight SSH config library"

[metadata]
lock_version = "3.1"
content_hash = "sha256:29cb189766de0a9bc07bdb53e211db611619303cd56ff8e80315663f6e4cdbe6"

[metadata.files]
"sshconf 0.2.4" = [
    {file = "sshconf-0.2.4.tar.gz", hash = "sha256:457e8bf13bdd1229a3d7d06b4a8487ded5cdedeaf11879decf87e25eeb166b08"},
]
